// !$*UTF8*$!
{
	archiveVersion = 1;
	classes = {
	};
	objectVersion = 55;
	objects = {

/* Begin PBXBuildFile section */
		2B317EBE27F095080051C2DE /* Komi_san_can_t_communicateApp.swift in Sources */ = {isa = PBXBuildFile; fileRef = 2B317EBD27F095080051C2DE /* Komi_san_can_t_communicateApp.swift */; };
		2B317EC027F095080051C2DE /* ContentView.swift in Sources */ = {isa = PBXBuildFile; fileRef = 2B317EBF27F095080051C2DE /* ContentView.swift */; };
		2B317EC227F095080051C2DE /* Assets.xcassets in Resources */ = {isa = PBXBuildFile; fileRef = 2B317EC127F095080051C2DE /* Assets.xcassets */; };
		2B317EC527F095080051C2DE /* Preview Assets.xcassets in Resources */ = {isa = PBXBuildFile; fileRef = 2B317EC427F095080051C2DE /* Preview Assets.xcassets */; };
		2B317ECD27F095980051C2DE /* data.json in Resources */ = {isa = PBXBuildFile; fileRef = 2B317ECC27F095980051C2DE /* data.json */; };
		2B317ED227F0E66A0051C2DE /* charactersList.swift in Sources */ = {isa = PBXBuildFile; fileRef = 2B317ED127F0E66A0051C2DE /* charactersList.swift */; };
		2B317ED427F0E82C0051C2DE /* Character.swift in Sources */ = {isa = PBXBuildFile; fileRef = 2B317ED327F0E82C0051C2DE /* Character.swift */; };
		2B317ED827F0E88D0051C2DE /* characterRow.swift in Sources */ = {isa = PBXBuildFile; fileRef = 2B317ED727F0E88D0051C2DE /* characterRow.swift */; };
		2B317EDA27F0E92E0051C2DE /* ModelData.swift in Sources */ = {isa = PBXBuildFile; fileRef = 2B317ED927F0E92E0051C2DE /* ModelData.swift */; };
		2B317EDC27F0F3030051C2DE /* characterDetail.swift in Sources */ = {isa = PBXBuildFile; fileRef = 2B317EDB27F0F3030051C2DE /* characterDetail.swift */; };
		2B317EDE27F0F4E70051C2DE /* CircleImage.swift in Sources */ = {isa = PBXBuildFile; fileRef = 2B317EDD27F0F4E70051C2DE /* CircleImage.swift */; };
/* End PBXBuildFile section */

/* Begin PBXFileReference section */
		2B317EBA27F095080051C2DE /* Komi-san can't communicate.app */ = {isa = PBXFileReference; explicitFileType = wrapper.application; includeInIndex = 0; path = "Komi-san can't communicate.app"; sourceTree = BUILT_PRODUCTS_DIR; };
		2B317EBD27F095080051C2DE /* Komi_san_can_t_communicateApp.swift */ = {isa = PBXFileReference; lastKnownFileType = sourcecode.swift; path = Komi_san_can_t_communicateApp.swift; sourceTree = "<group>"; };
		2B317EBF27F095080051C2DE /* ContentView.swift */ = {isa = PBXFileReference; lastKnownFileType = sourcecode.swift; path = ContentView.swift; sourceTree = "<group>"; };
		2B317EC127F095080051C2DE /* Assets.xcassets */ = {isa = PBXFileReference; lastKnownFileType = folder.assetcatalog; path = Assets.xcassets; sourceTree = "<group>"; };
		2B317EC427F095080051C2DE /* Preview Assets.xcassets */ = {isa = PBXFileReference; lastKnownFileType = folder.assetcatalog; path = "Preview Assets.xcassets"; sourceTree = "<group>"; };
		2B317ECC27F095980051C2DE /* data.json */ = {isa = PBXFileReference; lastKnownFileType = text.json; path = data.json; sourceTree = "<group>"; };
		2B317ED127F0E66A0051C2DE /* charactersList.swift */ = {isa = PBXFileReference; lastKnownFileType = sourcecode.swift; path = charactersList.swift; sourceTree = "<group>"; };
		2B317ED327F0E82C0051C2DE /* Character.swift */ = {isa = PBXFileReference; lastKnownFileType = sourcecode.swift; path = Character.swift; sourceTree = "<group>"; };
		2B317ED727F0E88D0051C2DE /* characterRow.swift */ = {isa = PBXFileReference; lastKnownFileType = sourcecode.swift; path = characterRow.swift; sourceTree = "<group>"; };
		2B317ED927F0E92E0051C2DE /* ModelData.swift */ = {isa = PBXFileReference; lastKnownFileType = sourcecode.swift; path = ModelData.swift; sourceTree = "<group>"; };
		2B317EDB27F0F3030051C2DE /* characterDetail.swift */ = {isa = PBXFileReference; lastKnownFileType = sourcecode.swift; path = characterDetail.swift; sourceTree = "<group>"; };
		2B317EDD27F0F4E70051C2DE /* CircleImage.swift */ = {isa = PBXFileReference; lastKnownFileType = sourcecode.swift; path = CircleImage.swift; sourceTree = "<group>"; };
		2B317EDF27F0F9950051C2DE /* README.md */ = {isa = PBXFileReference; lastKnownFileType = net.daringfireball.markdown; path = README.md; sourceTree = "<group>"; };
		2B317EE227F0FA620051C2DE /* k1.png */ = {isa = PBXFileReference; lastKnownFileType = image.png; path = k1.png; sourceTree = "<group>"; };
		2B317EE327F0FA620051C2DE /* k2.png */ = {isa = PBXFileReference; lastKnownFileType = image.png; path = k2.png; sourceTree = "<group>"; };
/* End PBXFileReference section */

/* Begin PBXFrameworksBuildPhase section */
		2B317EB727F095070051C2DE /* Frameworks */ = {
			isa = PBXFrameworksBuildPhase;
			buildActionMask = 2147483647;
			files = (
			);
			runOnlyForDeploymentPostprocessing = 0;
		};
/* End PBXFrameworksBuildPhase section */

/* Begin PBXGroup section */
		2B317EB127F095070051C2DE = {
			isa = PBXGroup;
			children = (
				2B317EE227F0FA620051C2DE /* k1.png */,
				2B317EE327F0FA620051C2DE /* k2.png */,
				2B317EDF27F0F9950051C2DE /* README.md */,
				2B317EBC27F095080051C2DE /* Komi-san can't communicate */,
				2B317EBB27F095080051C2DE /* Products */,
			);
			sourceTree = "<group>";
		};
		2B317EBB27F095080051C2DE /* Products */ = {
			isa = PBXGroup;
			children = (
				2B317EBA27F095080051C2DE /* Komi-san can't communicate.app */,
			);
			name = Products;
			sourceTree = "<group>";
		};
		2B317EBC27F095080051C2DE /* Komi-san can't communicate */ = {
			isa = PBXGroup;
			children = (
				2B317ED027F0E6210051C2DE /* Views */,
				2B317ECF27F0E61B0051C2DE /* Models */,
				2B317ECE27F0E5D00051C2DE /* Resources */,
				2B317EBD27F095080051C2DE /* Komi_san_can_t_communicateApp.swift */,
				2B317EBF27F095080051C2DE /* ContentView.swift */,
				2B317EC127F095080051C2DE /* Assets.xcassets */,
				2B317EC327F095080051C2DE /* Preview Content */,
			);
			path = "Komi-san can't communicate";
			sourceTree = "<group>";
		};
		2B317EC327F095080051C2DE /* Preview Content */ = {
			isa = PBXGroup;
			children = (
				2B317EC427F095080051C2DE /* Preview Assets.xcassets */,
			);
			path = "Preview Content";
			sourceTree = "<group>";
		};
		2B317ECE27F0E5D00051C2DE /* Resources */ = {
			isa = PBXGroup;
			children = (
				2B317ECC27F095980051C2DE /* data.json */,
			);
			path = Resources;
			sourceTree = "<group>";
		};
		2B317ECF27F0E61B0051C2DE /* Models */ = {
			isa = PBXGroup;
			children = (
				2B317ED327F0E82C0051C2DE /* Character.swift */,
				2B317ED927F0E92E0051C2DE /* ModelData.swift */,
			);
			path = Models;
			sourceTree = "<group>";
		};
		2B317ED027F0E6210051C2DE /* Views */ = {
			isa = PBXGroup;
			children = (
				2B317ED127F0E66A0051C2DE /* charactersList.swift */,
				2B317ED727F0E88D0051C2DE /* characterRow.swift */,
				2B317EDB27F0F3030051C2DE /* characterDetail.swift */,
				2B317EDD27F0F4E70051C2DE /* CircleImage.swift */,
			);
			path = Views;
			sourceTree = "<group>";
		};
/* End PBXGroup section */

/* Begin PBXNativeTarget section */
		2B317EB927F095070051C2DE /* Komi-san can't communicate */ = {
			isa = PBXNativeTarget;
			buildConfigurationList = 2B317EC827F095080051C2DE /* Build configuration list for PBXNativeTarget "Komi-san can't communicate" */;
			buildPhases = (
				2B317EB627F095070051C2DE /* Sources */,
				2B317EB727F095070051C2DE /* Frameworks */,
				2B317EB827F095070051C2DE /* Resources */,
			);
			buildRules = (
			);
			dependencies = (
			);
			name = "Komi-san can't communicate";
			productName = "Komi-san can't communicate";
			productReference = 2B317EBA27F095080051C2DE /* Komi-san can't communicate.app */;
			productType = "com.apple.product-type.application";
		};
/* End PBXNativeTarget section */

/* Begin PBXProject section */
		2B317EB227F095070051C2DE /* Project object */ = {
			isa = PBXProject;
			attributes = {
				BuildIndependentTargetsInParallel = 1;
				LastSwiftUpdateCheck = 1330;
				LastUpgradeCheck = 1330;
				TargetAttributes = {
					2B317EB927F095070051C2DE = {
						CreatedOnToolsVersion = 13.3;
					};
				};
			};
			buildConfigurationList = 2B317EB527F095070051C2DE /* Build configuration list for PBXProject "Komi-san can't communicate" */;
			compatibilityVersion = "Xcode 13.0";
			developmentRegion = en;
			hasScannedForEncodings = 0;
			knownRegions = (
				en,
				Base,
			);
			mainGroup = 2B317EB127F095070051C2DE;
			productRefGroup = 2B317EBB27F095080051C2DE /* Products */;
			projectDirPath = "";
			projectRoot = "";
			targets = (
				2B317EB927F095070051C2DE /* Komi-san can't communicate */,
			);
		};
/* End PBXProject section */

/* Begin PBXResourcesBuildPhase section */
		2B317EB827F095070051C2DE /* Resources */ = {
			isa = PBXResourcesBuildPhase;
			buildActionMask = 2147483647;
			files = (
				2B317EC527F095080051C2DE /* Preview Assets.xcassets in Resources */,
				2B317ECD27F095980051C2DE /* data.json in Resources */,
				2B317EC227F095080051C2DE /* Assets.xcassets in Resources */,
			);
			runOnlyForDeploymentPostprocessing = 0;
		};
/* End PBXResourcesBuildPhase section */

/* Begin PBXSourcesBuildPhase section */
		2B317EB627F095070051C2DE /* Sources */ = {
			isa = PBXSourcesBuildPhase;
			buildActionMask = 2147483647;
			files = (
				2B317ED827F0E88D0051C2DE /* characterRow.swift in Sources */,
				2B317EDE27F0F4E70051C2DE /* CircleImage.swift in Sources */,
				2B317ED227F0E66A0051C2DE /* charactersList.swift in Sources */,
				2B317EC027F095080051C2DE /* ContentView.swift in Sources */,
				2B317EDC27F0F3030051C2DE /* characterDetail.swift in Sources */,
				2B317EBE27F095080051C2DE /* Komi_san_can_t_communicateApp.swift in Sources */,
				2B317ED427F0E82C0051C2DE /* Character.swift in Sources */,
				2B317EDA27F0E92E0051C2DE /* ModelData.swift in Sources */,
			);
			runOnlyForDeploymentPostprocessing = 0;
		};
/* End PBXSourcesBuildPhase section */

/* Begin XCBuildConfiguration section */
		2B317EC627F095080051C2DE /* Debug */ = {
			isa = XCBuildConfiguration;
			buildSettings = {
				ALWAYS_SEARCH_USER_PATHS = NO;
				CLANG_ANALYZER_NONNULL = YES;
				CLANG_ANALYZER_NUMBER_OBJECT_CONVERSION = YES_AGGRESSIVE;
				CLANG_CXX_LANGUAGE_STANDARD = "gnu++17";
				CLANG_ENABLE_MODULES = YES;
				CLANG_ENABLE_OBJC_ARC = YES;
				CLANG_ENABLE_OBJC_WEAK = YES;
				CLANG_WARN_BLOCK_CAPTURE_AUTORELEASING = YES;
				CLANG_WARN_BOOL_CONVERSION = YES;
				CLANG_WARN_COMMA = YES;
				CLANG_WARN_CONSTANT_CONVERSION = YES;
				CLANG_WARN_DEPRECATED_OBJC_IMPLEMENTATIONS = YES;
				CLANG_WARN_DIRECT_OBJC_ISA_USAGE = YES_ERROR;
				CLANG_WARN_DOCUMENTATION_COMMENTS = YES;
				CLANG_WARN_EMPTY_BODY = YES;
				CLANG_WARN_ENUM_CONVERSION = YES;
				CLANG_WARN_INFINITE_RECURSION = YES;
				CLANG_WARN_INT_CONVERSION = YES;
				CLANG_WARN_NON_LITERAL_NULL_CONVERSION = YES;
				CLANG_WARN_OBJC_IMPLICIT_RETAIN_SELF = YES;
				CLANG_WARN_OBJC_LITERAL_CONVERSION = YES;
				CLANG_WARN_OBJC_ROOT_CLASS = YES_ERROR;
				CLANG_WARN_QUOTED_INCLUDE_IN_FRAMEWORK_HEADER = YES;
				CLANG_WARN_RANGE_LOOP_ANALYSIS = YES;
				CLANG_WARN_STRICT_PROTOTYPES = YES;
				CLANG_WARN_SUSPICIOUS_MOVE = YES;
				CLANG_WARN_UNGUARDED_AVAILABILITY = YES_AGGRESSIVE;
				CLANG_WARN_UNREACHABLE_CODE = YES;
				CLANG_WARN__DUPLICATE_METHOD_MATCH = YES;
				COPY_PHASE_STRIP = NO;
				DEBUG_INFORMATION_FORMAT = dwarf;
				ENABLE_STRICT_OBJC_MSGSEND = YES;
				ENABLE_TESTABILITY = YES;
				GCC_C_LANGUAGE_STANDARD = gnu11;
				GCC_DYNAMIC_NO_PIC = NO;
				GCC_NO_COMMON_BLOCKS = YES;
				GCC_OPTIMIZATION_LEVEL = 0;
				GCC_PREPROCESSOR_DEFINITIONS = (
					"DEBUG=1",
					"$(inherited)",
				);
				GCC_WARN_64_TO_32_BIT_CONVERSION = YES;
				GCC_WARN_ABOUT_RETURN_TYPE = YES_ERROR;
				GCC_WARN_UNDECLARED_SELECTOR = YES;
				GCC_WARN_UNINITIALIZED_AUTOS = YES_AGGRESSIVE;
				GCC_WARN_UNUSED_FUNCTION = YES;
				GCC_WARN_UNUSED_VARIABLE = YES;
				IPHONEOS_DEPLOYMENT_TARGET = 15.4;
				MTL_ENABLE_DEBUG_INFO = INCLUDE_SOURCE;
				MTL_FAST_MATH = YES;
				ONLY_ACTIVE_ARCH = YES;
				SDKROOT = iphoneos;
				SWIFT_ACTIVE_COMPILATION_CONDITIONS = DEBUG;
				SWIFT_OPTIMIZATION_LEVEL = "-Onone";
			};
			name = Debug;
		};
		2B317EC727F095080051C2DE /* Release */ = {
			isa = XCBuildConfiguration;
			buildSettings = {
				ALWAYS_SEARCH_USER_PATHS = NO;
				CLANG_ANALYZER_NONNULL = YES;
				CLANG_ANALYZER_NUMBER_OBJECT_CONVERSION = YES_AGGRESSIVE;
				CLANG_CXX_LANGUAGE_STANDARD = "gnu++17";
				CLANG_ENABLE_MODULES = YES;
				CLANG_ENABLE_OBJC_ARC = YES;
				CLANG_ENABLE_OBJC_WEAK = YES;
				CLANG_WARN_BLOCK_CAPTURE_AUTORELEASING = YES;
				CLANG_WARN_BOOL_CONVERSION = YES;
				CLANG_WARN_COMMA = YES;
				CLANG_WARN_CONSTANT_CONVERSION = YES;
				CLANG_WARN_DEPRECATED_OBJC_IMPLEMENTATIONS = YES;
				CLANG_WARN_DIRECT_OBJC_ISA_USAGE = YES_ERROR;
				CLANG_WARN_DOCUMENTATION_COMMENTS = YES;
				CLANG_WARN_EMPTY_BODY = YES;
				CLANG_WARN_ENUM_CONVERSION = YES;
				CLANG_WARN_INFINITE_RECURSION = YES;
				CLANG_WARN_INT_CONVERSION = YES;
				CLANG_WARN_NON_LITERAL_NULL_CONVERSION = YES;
				CLANG_WARN_OBJC_IMPLICIT_RETAIN_SELF = YES;
				CLANG_WARN_OBJC_LITERAL_CONVERSION = YES;
				CLANG_WARN_OBJC_ROOT_CLASS = YES_ERROR;
				CLANG_WARN_QUOTED_INCLUDE_IN_FRAMEWORK_HEADER = YES;
				CLANG_WARN_RANGE_LOOP_ANALYSIS = YES;
				CLANG_WARN_STRICT_PROTOTYPES = YES;
				CLANG_WARN_SUSPICIOUS_MOVE = YES;
				CLANG_WARN_UNGUARDED_AVAILABILITY = YES_AGGRESSIVE;
				CLANG_WARN_UNREACHABLE_CODE = YES;
				CLANG_WARN__DUPLICATE_METHOD_MATCH = YES;
				COPY_PHASE_STRIP = NO;
				DEBUG_INFORMATION_FORMAT = "dwarf-with-dsym";
				ENABLE_NS_ASSERTIONS = NO;
				ENABLE_STRICT_OBJC_MSGSEND = YES;
				GCC_C_LANGUAGE_STANDARD = gnu11;
				GCC_NO_COMMON_BLOCKS = YES;
				GCC_WARN_64_TO_32_BIT_CONVERSION = YES;
				GCC_WARN_ABOUT_RETURN_TYPE = YES_ERROR;
				GCC_WARN_UNDECLARED_SELECTOR = YES;
				GCC_WARN_UNINITIALIZED_AUTOS = YES_AGGRESSIVE;
				GCC_WARN_UNUSED_FUNCTION = YES;
				GCC_WARN_UNUSED_VARIABLE = YES;
				IPHONEOS_DEPLOYMENT_TARGET = 15.4;
				MTL_ENABLE_DEBUG_INFO = NO;
				MTL_FAST_MATH = YES;
				SDKROOT = iphoneos;
				SWIFT_COMPILATION_MODE = wholemodule;
				SWIFT_OPTIMIZATION_LEVEL = "-O";
				VALIDATE_PRODUCT = YES;
			};
			name = Release;
		};
		2B317EC927F095080051C2DE /* Debug */ = {
			isa = XCBuildConfiguration;
			buildSettings = {
				ASSETCATALOG_COMPILER_APPICON_NAME = AppIcon;
				ASSETCATALOG_COMPILER_GLOBAL_ACCENT_COLOR_NAME = AccentColor;
				CODE_SIGN_STYLE = Automatic;
				CURRENT_PROJECT_VERSION = 1;
				DEVELOPMENT_ASSET_PATHS = "\"Komi-san can't communicate/Preview Content\"";
				DEVELOPMENT_TEAM = 85XD522TSF;
				ENABLE_PREVIEWS = YES;
				GENERATE_INFOPLIST_FILE = YES;
				INFOPLIST_KEY_UIApplicationSceneManifest_Generation = YES;
				INFOPLIST_KEY_UIApplicationSupportsIndirectInputEvents = YES;
				INFOPLIST_KEY_UILaunchScreen_Generation = YES;
				INFOPLIST_KEY_UISupportedInterfaceOrientations_iPad = "UIInterfaceOrientationPortrait UIInterfaceOrientationPortraitUpsideDown UIInterfaceOrientationLandscapeLeft UIInterfaceOrientationLandscapeRight";
				INFOPLIST_KEY_UISupportedInterfaceOrientations_iPhone = "UIInterfaceOrientationPortrait UIInterfaceOrientationLandscapeLeft UIInterfaceOrientationLandscapeRight";
				LD_RUNPATH_SEARCH_PATHS = (
					"$(inherited)",
					"@executable_path/Frameworks",
				);
				MARKETING_VERSION = 1.0;
				PRODUCT_BUNDLE_IDENTIFIER = "ru.vladimirlapskiy.Komi-san-can-t-communicate";
				PRODUCT_NAME = "$(TARGET_NAME)";
				SWIFT_EMIT_LOC_STRINGS = YES;
				SWIFT_VERSION = 5.0;
				TARGETED_DEVICE_FAMILY = "1,2";
			};
			name = Debug;
		};
		2B317ECA27F095080051C2DE /* Release */ = {
			isa = XCBuildConfiguration;
			buildSettings = {
				ASSETCATALOG_COMPILER_APPICON_NAME = AppIcon;
				ASSETCATALOG_COMPILER_GLOBAL_ACCENT_COLOR_NAME = AccentColor;
				CODE_SIGN_STYLE = Automatic;
				CURRENT_PROJECT_VERSION = 1;
				DEVELOPMENT_ASSET_PATHS = "\"Komi-san can't communicate/Preview Content\"";
				DEVELOPMENT_TEAM = 85XD522TSF;
				ENABLE_PREVIEWS = YES;
				GENERATE_INFOPLIST_FILE = YES;
				INFOPLIST_KEY_UIApplicationSceneManifest_Generation = YES;
				INFOPLIST_KEY_UIApplicationSupportsIndirectInputEvents = YES;
				INFOPLIST_KEY_UILaunchScreen_Generation = YES;
				INFOPLIST_KEY_UISupportedInterfaceOrientations_iPad = "UIInterfaceOrientationPortrait UIInterfaceOrientationPortraitUpsideDown UIInterfaceOrientationLandscapeLeft UIInterfaceOrientationLandscapeRight";
				INFOPLIST_KEY_UISupportedInterfaceOrientations_iPhone = "UIInterfaceOrientationPortrait UIInterfaceOrientationLandscapeLeft UIInterfaceOrientationLandscapeRight";
				LD_RUNPATH_SEARCH_PATHS = (
					"$(inherited)",
					"@executable_path/Frameworks",
				);
				MARKETING_VERSION = 1.0;
				PRODUCT_BUNDLE_IDENTIFIER = "ru.vladimirlapskiy.Komi-san-can-t-communicate";
				PRODUCT_NAME = "$(TARGET_NAME)";
				SWIFT_EMIT_LOC_STRINGS = YES;
				SWIFT_VERSION = 5.0;
				TARGETED_DEVICE_FAMILY = "1,2";
			};
			name = Release;
		};
/* End XCBuildConfiguration section */

/* Begin XCConfigurationList section */
		2B317EB527F095070051C2DE /* Build configuration list for PBXProject "Komi-san can't communicate" */ = {
			isa = XCConfigurationList;
			buildConfigurations = (
				2B317EC627F095080051C2DE /* Debug */,
				2B317EC727F095080051C2DE /* Release */,
			);
			defaultConfigurationIsVisible = 0;
			defaultConfigurationName = Release;
		};
		2B317EC827F095080051C2DE /* Build configuration list for PBXNativeTarget "Komi-san can't communicate" */ = {
			isa = XCConfigurationList;
			buildConfigurations = (
				2B317EC927F095080051C2DE /* Debug */,
				2B317ECA27F095080051C2DE /* Release */,
			);
			defaultConfigurationIsVisible = 0;
			defaultConfigurationName = Release;
		};
/* End XCConfigurationList section */
	};
	rootObject = 2B317EB227F095070051C2DE /* Project object */;
}
